<Solution>
  <Folder Name="/src/">
    <Project Path="src/OpenClawNet.Agent/OpenClawNet.Agent.csproj" />
    <Project Path="src/OpenClawNet.AppHost/OpenClawNet.AppHost.csproj" />
    <Project Path="src/OpenClawNet.Channels/OpenClawNet.Channels.csproj" />
    <Project Path="src/OpenClawNet.Gateway/OpenClawNet.Gateway.csproj" />
    <Project Path="src/OpenClawNet.Memory/OpenClawNet.Memory.csproj" />
    <Project Path="src/OpenClawNet.Models.Abstractions/OpenClawNet.Models.Abstractions.csproj" />
    <Project Path="src/OpenClawNet.Models.AzureOpenAI/OpenClawNet.Models.AzureOpenAI.csproj" />
    <Project Path="src/OpenClawNet.Models.Foundry/OpenClawNet.Models.Foundry.csproj" />
    <Project Path="src/OpenClawNet.Models.FoundryLocal/OpenClawNet.Models.FoundryLocal.csproj" />
    <Project Path="src/OpenClawNet.Models.Ollama/OpenClawNet.Models.Ollama.csproj" />
    <Project Path="src/OpenClawNet.ServiceDefaults/OpenClawNet.ServiceDefaults.csproj" />
    <Project Path="src/OpenClawNet.Services.Browser/OpenClawNet.Services.Browser.csproj" />
    <Project Path="src/OpenClawNet.Services.Channels/OpenClawNet.Services.Channels.csproj" />
    <Project Path="src/OpenClawNet.Services.Memory/OpenClawNet.Services.Memory.csproj" />
    <Project Path="src/OpenClawNet.Services.Scheduler/OpenClawNet.Services.Scheduler.csproj" />
    <Project Path="src/OpenClawNet.Services.Shell/OpenClawNet.Services.Shell.csproj" />
    <Project Path="src/OpenClawNet.Skills/OpenClawNet.Skills.csproj" />
    <Project Path="src/OpenClawNet.Storage/OpenClawNet.Storage.csproj" />
    <Project Path="src/OpenClawNet.Tools.Abstractions/OpenClawNet.Tools.Abstractions.csproj" />
    <Project Path="src/OpenClawNet.Tools.Core/OpenClawNet.Tools.Core.csproj" />
    <Project Path="src/OpenClawNet.Tools.FileSystem/OpenClawNet.Tools.FileSystem.csproj" />
    <Project Path="src/OpenClawNet.Tools.Scheduler/OpenClawNet.Tools.Scheduler.csproj" />
    <Project Path="src/OpenClawNet.Tools.Shell/OpenClawNet.Tools.Shell.csproj" />
    <Project Path="src/OpenClawNet.Tools.Web/OpenClawNet.Tools.Web.csproj" />
    <Project Path="src/OpenClawNet.Tools.Browser/OpenClawNet.Tools.Browser.csproj" />
    <Project Path="src/OpenClawNet.Tools.MarkItDown/OpenClawNet.Tools.MarkItDown.csproj" />
    <Project Path="src/OpenClawNet.Tools.Calculator/OpenClawNet.Tools.Calculator.csproj" />
    <Project Path="src/OpenClawNet.Tools.YouTube/OpenClawNet.Tools.YouTube.csproj" />
    <Project Path="src/OpenClawNet.Tools.Text2Image/OpenClawNet.Tools.Text2Image.csproj" />
    <Project Path="src/OpenClawNet.Tools.Embeddings/OpenClawNet.Tools.Embeddings.csproj" />
    <Project Path="src/OpenClawNet.Tools.Memory/OpenClawNet.Tools.Memory.csproj" />
    <Project Path="src/OpenClawNet.Tools.TextToSpeech/OpenClawNet.Tools.TextToSpeech.csproj" />
    <Project Path="src/OpenClawNet.Tools.GitHub/OpenClawNet.Tools.GitHub.csproj" />
    <Project Path="src/OpenClawNet.Tools.ImageEdit/OpenClawNet.Tools.ImageEdit.csproj" />
    <Project Path="src/OpenClawNet.Tools.HtmlQuery/OpenClawNet.Tools.HtmlQuery.csproj" />
    <Project Path="src/OpenClawNet.Adapters.Teams/OpenClawNet.Adapters.Teams.csproj" />
    <Project Path="src/OpenClawNet.Web/OpenClawNet.Web.csproj" />
    <Project Path="src/OpenClawNet.Models.GitHubCopilot/OpenClawNet.Models.GitHubCopilot.csproj" />
    <Project Path="src/OpenClawNet.Mcp.Abstractions/OpenClawNet.Mcp.Abstractions.csproj" />
    <Project Path="src/OpenClawNet.Mcp.Core/OpenClawNet.Mcp.Core.csproj" />
    <Project Path="src/OpenClawNet.Mcp.Web/OpenClawNet.Mcp.Web.csproj" />
    <Project Path="src/OpenClawNet.Mcp.Shell/OpenClawNet.Mcp.Shell.csproj" />
    <Project Path="src/OpenClawNet.Mcp.Browser/OpenClawNet.Mcp.Browser.csproj" />
    <Project Path="src/OpenClawNet.Mcp.FileSystem/OpenClawNet.Mcp.FileSystem.csproj" />
  </Folder>
  <Folder Name="/tests/">
    <Project Path="tests/OpenClawNet.IntegrationTests/OpenClawNet.IntegrationTests.csproj" />
    <Project Path="tests/OpenClawNet.PlaywrightTests/OpenClawNet.PlaywrightTests.csproj" />
    <Project Path="tests/OpenClawNet.UnitTests/OpenClawNet.UnitTests.csproj" />
  </Folder>
</Solution>
